{
    "_readme": [
        "This file locks the dependencies of your project to a known state",
        "Read more about it at https://getcomposer.org/doc/01-basic-usage.md#installing-dependencies",
        "This file is @generated automatically"
    ],
    "content-hash": "3ac89d2ab4cdb504c8ab2993aac9da78",
    "packages": [],
    "packages-dev": [
        {
            "name": "mjs-productions/mjs-quality",
            "version": "v0.1.0",
            "source": {
                "type": "git",
                "url": "git@github.com:MJS-Productions/mjs-quality.git",
                "reference": "5873f93b5ec19edc0d6263de2cb36e1921714daf"
            },
            "dist": {
                "type": "zip",
                "url": "https://api.github.com/repos/MJS-Productions/mjs-quality/zipball/5873f93b5ec19edc0d6263de2cb36e1921714daf",
                "reference": "5873f93b5ec19edc0d6263de2cb36e1921714daf",
                "shasum": ""
            },
            "require": {
                "ext-pdo": "*",
                "ext-pdo_mysql": "*",
                "php": ">=8.1"
            },
            "type": "library",
            "autoload": {
                "psr-4": {
                    "MJSProductions\\Quality\\": "src/"
                }
            },
            "scripts": {
                "test:database": [
                    "php tests/Integration/RealDatabaseHarnessTest.php"
                ],
                "test:concurrency": [
                    "php tests/Integration/RealDatabaseConcurrencyTest.php"
                ]
            },
            "license": [
                "proprietary"
            ],
            "description": "Shared software quality infrastructure for MJS-Productions projects.",
            "support": {
                "source": "https://github.com/MJS-Productions/mjs-quality/tree/v0.1.0",
                "issues": "https://github.com/MJS-Productions/mjs-quality/issues"
            },
            "time": "2026-08-26T13:18:55+00:00"
        }
    ],
    "aliases": [],
    "minimum-stability": "stable",
    "stability-flags": {},
    "prefer-stable": false,
    "prefer-lowest": false,
    "platform": {
        "php": ">=8.1"
    },
    "platform-dev": {},
    "plugin-api-version": "2.9.0"
}
